
Microsoft Visual Studio Solution File, Format Version 12.00
# Visual Studio 2013
VisualStudioVersion = 12.0.31101.0
MinimumVisualStudioVersion = 10.0.40219.1
Project("{2150E333-8FDC-42A3-9474-1A3956D46DE8}") = "01.TextBoxDisplay", "01.TextBoxDisplay", "{B6B65AE2-F983-4C07-96D7-DBD6EB8044AA}"
EndProject
Project("{D954291E-2A0B-460D-934E-DC6B0785DB48}") = "01.TextBoxDisplay.Shared", "01.TextBoxDisplay\01.TextBoxDisplay.Shared\01.TextBoxDisplay.Shared.shproj", "{BEDF3238-2C94-453C-88BF-13C34A3BA859}"
EndProject
Project("{FAE04EC0-301F-11D3-BF4B-00C04F79EFBC}") = "01.TextBoxDisplay.Windows", "01.TextBoxDisplay\01.TextBoxDisplay.Windows\01.TextBoxDisplay.Windows.csproj", "{11726754-3F8E-472A-8DAA-A98526CF7152}"
EndProject
Project("{FAE04EC0-301F-11D3-BF4B-00C04F79EFBC}") = "01.TextBoxDisplay.WindowsPhone", "01.TextBoxDisplay\01.TextBoxDisplay.WindowsPhone\01.TextBoxDisplay.WindowsPhone.csproj", "{6B89C908-D28A-4C6A-B238-B55D9479BF91}"
EndProject
Project("{2150E333-8FDC-42A3-9474-1A3956D46DE8}") = "02.HitCounts", "02.HitCounts", "{5292F1CB-FB51-400B-B1B3-76B8C4D10A83}"
EndProject
Project("{D954291E-2A0B-460D-934E-DC6B0785DB48}") = "02.HitCounts.Shared", "02.HitCounts\02.HitCounts.Shared\02.HitCounts.Shared.shproj", "{40C47AA9-07DF-4A5F-B923-2006447D7BAA}"
EndProject
Project("{FAE04EC0-301F-11D3-BF4B-00C04F79EFBC}") = "02.HitCounts.Windows", "02.HitCounts\02.HitCounts.Windows\02.HitCounts.Windows.csproj", "{FA2D208F-4AEA-44D4-859E-D914006D657B}"
EndProject
Project("{FAE04EC0-301F-11D3-BF4B-00C04F79EFBC}") = "02.HitCounts.WindowsPhone", "02.HitCounts\02.HitCounts.WindowsPhone\02.HitCounts.WindowsPhone.csproj", "{8246AAFE-9F6F-4DEA-9571-AA852A61A76D}"
EndProject
Project("{2150E333-8FDC-42A3-9474-1A3956D46DE8}") = "03.ComboBox", "03.ComboBox", "{0D7A56C0-6F40-401F-86D5-ECCE1B833CC1}"
EndProject
Project("{D954291E-2A0B-460D-934E-DC6B0785DB48}") = "03.ComboBox.Shared", "03.ComboBox\03.ComboBox.Shared\03.ComboBox.Shared.shproj", "{963D1FD4-68BF-4769-9995-135AEE2470D7}"
EndProject
Project("{FAE04EC0-301F-11D3-BF4B-00C04F79EFBC}") = "03.ComboBox.Windows", "03.ComboBox\03.ComboBox.Windows\03.ComboBox.Windows.csproj", "{ACFAAC64-1759-4A84-9DA6-48822445E389}"
EndProject
Project("{FAE04EC0-301F-11D3-BF4B-00C04F79EFBC}") = "03.ComboBox.WindowsPhone", "03.ComboBox\03.ComboBox.WindowsPhone\03.ComboBox.WindowsPhone.csproj", "{A7DF81AF-47AD-4B16-936D-4A7BF9CA4779}"
EndProject
Global
	GlobalSection(SharedMSBuildProjectFiles) = preSolution
		01.TextBoxDisplay\01.TextBoxDisplay.Shared\01.TextBoxDisplay.Shared.projitems*{bedf3238-2c94-453c-88bf-13c34a3ba859}*SharedItemsImports = 13
		01.TextBoxDisplay\01.TextBoxDisplay.Shared\01.TextBoxDisplay.Shared.projitems*{11726754-3f8e-472a-8daa-a98526cf7152}*SharedItemsImports = 4
		03.ComboBox\03.ComboBox.Shared\03.ComboBox.Shared.projitems*{a7df81af-47ad-4b16-936d-4a7bf9ca4779}*SharedItemsImports = 4
		02.HitCounts\02.HitCounts.Shared\02.HitCounts.Shared.projitems*{8246aafe-9f6f-4dea-9571-aa852a61a76d}*SharedItemsImports = 4
		03.ComboBox\03.ComboBox.Shared\03.ComboBox.Shared.projitems*{963d1fd4-68bf-4769-9995-135aee2470d7}*SharedItemsImports = 13
		03.ComboBox\03.ComboBox.Shared\03.ComboBox.Shared.projitems*{acfaac64-1759-4a84-9da6-48822445e389}*SharedItemsImports = 4
		01.TextBoxDisplay\01.TextBoxDisplay.Shared\01.TextBoxDisplay.Shared.projitems*{6b89c908-d28a-4c6a-b238-b55d9479bf91}*SharedItemsImports = 4
		02.HitCounts\02.HitCounts.Shared\02.HitCounts.Shared.projitems*{40c47aa9-07df-4a5f-b923-2006447d7baa}*SharedItemsImports = 13
		02.HitCounts\02.HitCounts.Shared\02.HitCounts.Shared.projitems*{fa2d208f-4aea-44d4-859e-d914006d657b}*SharedItemsImports = 4
	EndGlobalSection
	GlobalSection(SolutionConfigurationPlatforms) = preSolution
		Debug|Any CPU = Debug|Any CPU
		Debug|ARM = Debug|ARM
		Debug|x64 = Debug|x64
		Debug|x86 = Debug|x86
		Release|Any CPU = Release|Any CPU
		Release|ARM = Release|ARM
		Release|x64 = Release|x64
		Release|x86 = Release|x86
	EndGlobalSection
	GlobalSection(ProjectConfigurationPlatforms) = postSolution
		{11726754-3F8E-472A-8DAA-A98526CF7152}.Debug|Any CPU.ActiveCfg = Debug|Any CPU
		{11726754-3F8E-472A-8DAA-A98526CF7152}.Debug|Any CPU.Build.0 = Debug|Any CPU
		{11726754-3F8E-472A-8DAA-A98526CF7152}.Debug|Any CPU.Deploy.0 = Debug|Any CPU
		{11726754-3F8E-472A-8DAA-A98526CF7152}.Debug|ARM.ActiveCfg = Debug|ARM
		{11726754-3F8E-472A-8DAA-A98526CF7152}.Debug|ARM.Build.0 = Debug|ARM
		{11726754-3F8E-472A-8DAA-A98526CF7152}.Debug|ARM.Deploy.0 = Debug|ARM
		{11726754-3F8E-472A-8DAA-A98526CF7152}.Debug|x64.ActiveCfg = Debug|x64
		{11726754-3F8E-472A-8DAA-A98526CF7152}.Debug|x64.Build.0 = Debug|x64
		{11726754-3F8E-472A-8DAA-A98526CF7152}.Debug|x64.Deploy.0 = Debug|x64
		{11726754-3F8E-472A-8DAA-A98526CF7152}.Debug|x86.ActiveCfg = Debug|x86
		{11726754-3F8E-472A-8DAA-A98526CF7152}.Debug|x86.Build.0 = Debug|x86
		{11726754-3F8E-472A-8DAA-A98526CF7152}.Debug|x86.Deploy.0 = Debug|x86
		{11726754-3F8E-472A-8DAA-A98526CF7152}.Release|Any CPU.ActiveCfg = Release|Any CPU
		{11726754-3F8E-472A-8DAA-A98526CF7152}.Release|Any CPU.Build.0 = Release|Any CPU
		{11726754-3F8E-472A-8DAA-A98526CF7152}.Release|Any CPU.Deploy.0 = Release|Any CPU
		{11726754-3F8E-472A-8DAA-A98526CF7152}.Release|ARM.ActiveCfg = Release|ARM
		{11726754-3F8E-472A-8DAA-A98526CF7152}.Release|ARM.Build.0 = Release|ARM
		{11726754-3F8E-472A-8DAA-A98526CF7152}.Release|ARM.Deploy.0 = Release|ARM
		{11726754-3F8E-472A-8DAA-A98526CF7152}.Release|x64.ActiveCfg = Release|x64
		{11726754-3F8E-472A-8DAA-A98526CF7152}.Release|x64.Build.0 = Release|x64
		{11726754-3F8E-472A-8DAA-A98526CF7152}.Release|x64.Deploy.0 = Release|x64
		{11726754-3F8E-472A-8DAA-A98526CF7152}.Release|x86.ActiveCfg = Release|x86
		{11726754-3F8E-472A-8DAA-A98526CF7152}.Release|x86.Build.0 = Release|x86
		{11726754-3F8E-472A-8DAA-A98526CF7152}.Release|x86.Deploy.0 = Release|x86
		{6B89C908-D28A-4C6A-B238-B55D9479BF91}.Debug|Any CPU.ActiveCfg = Debug|Any CPU
		{6B89C908-D28A-4C6A-B238-B55D9479BF91}.Debug|Any CPU.Build.0 = Debug|Any CPU
		{6B89C908-D28A-4C6A-B238-B55D9479BF91}.Debug|Any CPU.Deploy.0 = Debug|Any CPU
		{6B89C908-D28A-4C6A-B238-B55D9479BF91}.Debug|ARM.ActiveCfg = Debug|ARM
		{6B89C908-D28A-4C6A-B238-B55D9479BF91}.Debug|ARM.Build.0 = Debug|ARM
		{6B89C908-D28A-4C6A-B238-B55D9479BF91}.Debug|ARM.Deploy.0 = Debug|ARM
		{6B89C908-D28A-4C6A-B238-B55D9479BF91}.Debug|x64.ActiveCfg = Debug|Any CPU
		{6B89C908-D28A-4C6A-B238-B55D9479BF91}.Debug|x86.ActiveCfg = Debug|x86
		{6B89C908-D28A-4C6A-B238-B55D9479BF91}.Debug|x86.Build.0 = Debug|x86
		{6B89C908-D28A-4C6A-B238-B55D9479BF91}.Debug|x86.Deploy.0 = Debug|x86
		{6B89C908-D28A-4C6A-B238-B55D9479BF91}.Release|Any CPU.ActiveCfg = Release|Any CPU
		{6B89C908-D28A-4C6A-B238-B55D9479BF91}.Release|Any CPU.Build.0 = Release|Any CPU
		{6B89C908-D28A-4C6A-B238-B55D9479BF91}.Release|Any CPU.Deploy.0 = Release|Any CPU
		{6B89C908-D28A-4C6A-B238-B55D9479BF91}.Release|ARM.ActiveCfg = Release|ARM
		{6B89C908-D28A-4C6A-B238-B55D9479BF91}.Release|ARM.Build.0 = Release|ARM
		{6B89C908-D28A-4C6A-B238-B55D9479BF91}.Release|ARM.Deploy.0 = Release|ARM
		{6B89C908-D28A-4C6A-B238-B55D9479BF91}.Release|x64.ActiveCfg = Release|Any CPU
		{6B89C908-D28A-4C6A-B238-B55D9479BF91}.Release|x86.ActiveCfg = Release|x86
		{6B89C908-D28A-4C6A-B238-B55D9479BF91}.Release|x86.Build.0 = Release|x86
		{6B89C908-D28A-4C6A-B238-B55D9479BF91}.Release|x86.Deploy.0 = Release|x86
		{FA2D208F-4AEA-44D4-859E-D914006D657B}.Debug|Any CPU.ActiveCfg = Debug|Any CPU
		{FA2D208F-4AEA-44D4-859E-D914006D657B}.Debug|Any CPU.Build.0 = Debug|Any CPU
		{FA2D208F-4AEA-44D4-859E-D914006D657B}.Debug|Any CPU.Deploy.0 = Debug|Any CPU
		{FA2D208F-4AEA-44D4-859E-D914006D657B}.Debug|ARM.ActiveCfg = Debug|ARM
		{FA2D208F-4AEA-44D4-859E-D914006D657B}.Debug|ARM.Build.0 = Debug|ARM
		{FA2D208F-4AEA-44D4-859E-D914006D657B}.Debug|ARM.Deploy.0 = Debug|ARM
		{FA2D208F-4AEA-44D4-859E-D914006D657B}.Debug|x64.ActiveCfg = Debug|x64
		{FA2D208F-4AEA-44D4-859E-D914006D657B}.Debug|x64.Build.0 = Debug|x64
		{FA2D208F-4AEA-44D4-859E-D914006D657B}.Debug|x64.Deploy.0 = Debug|x64
		{FA2D208F-4AEA-44D4-859E-D914006D657B}.Debug|x86.ActiveCfg = Debug|x86
		{FA2D208F-4AEA-44D4-859E-D914006D657B}.Debug|x86.Build.0 = Debug|x86
		{FA2D208F-4AEA-44D4-859E-D914006D657B}.Debug|x86.Deploy.0 = Debug|x86
		{FA2D208F-4AEA-44D4-859E-D914006D657B}.Release|Any CPU.ActiveCfg = Release|Any CPU
		{FA2D208F-4AEA-44D4-859E-D914006D657B}.Release|Any CPU.Build.0 = Release|Any CPU
		{FA2D208F-4AEA-44D4-859E-D914006D657B}.Release|Any CPU.Deploy.0 = Release|Any CPU
		{FA2D208F-4AEA-44D4-859E-D914006D657B}.Release|ARM.ActiveCfg = Release|ARM
		{FA2D208F-4AEA-44D4-859E-D914006D657B}.Release|ARM.Build.0 = Release|ARM
		{FA2D208F-4AEA-44D4-859E-D914006D657B}.Release|ARM.Deploy.0 = Release|ARM
		{FA2D208F-4AEA-44D4-859E-D914006D657B}.Release|x64.ActiveCfg = Release|x64
		{FA2D208F-4AEA-44D4-859E-D914006D657B}.Release|x64.Build.0 = Release|x64
		{FA2D208F-4AEA-44D4-859E-D914006D657B}.Release|x64.Deploy.0 = Release|x64
		{FA2D208F-4AEA-44D4-859E-D914006D657B}.Release|x86.ActiveCfg = Release|x86
		{FA2D208F-4AEA-44D4-859E-D914006D657B}.Release|x86.Build.0 = Release|x86
		{FA2D208F-4AEA-44D4-859E-D914006D657B}.Release|x86.Deploy.0 = Release|x86
		{8246AAFE-9F6F-4DEA-9571-AA852A61A76D}.Debug|Any CPU.ActiveCfg = Debug|Any CPU
		{8246AAFE-9F6F-4DEA-9571-AA852A61A76D}.Debug|Any CPU.Build.0 = Debug|Any CPU
		{8246AAFE-9F6F-4DEA-9571-AA852A61A76D}.Debug|Any CPU.Deploy.0 = Debug|Any CPU
		{8246AAFE-9F6F-4DEA-9571-AA852A61A76D}.Debug|ARM.ActiveCfg = Debug|ARM
		{8246AAFE-9F6F-4DEA-9571-AA852A61A76D}.Debug|ARM.Build.0 = Debug|ARM
		{8246AAFE-9F6F-4DEA-9571-AA852A61A76D}.Debug|ARM.Deploy.0 = Debug|ARM
		{8246AAFE-9F6F-4DEA-9571-AA852A61A76D}.Debug|x64.ActiveCfg = Debug|Any CPU
		{8246AAFE-9F6F-4DEA-9571-AA852A61A76D}.Debug|x86.ActiveCfg = Debug|x86
		{8246AAFE-9F6F-4DEA-9571-AA852A61A76D}.Debug|x86.Build.0 = Debug|x86
		{8246AAFE-9F6F-4DEA-9571-AA852A61A76D}.Debug|x86.Deploy.0 = Debug|x86
		{8246AAFE-9F6F-4DEA-9571-AA852A61A76D}.Release|Any CPU.ActiveCfg = Release|Any CPU
		{8246AAFE-9F6F-4DEA-9571-AA852A61A76D}.Release|Any CPU.Build.0 = Release|Any CPU
		{8246AAFE-9F6F-4DEA-9571-AA852A61A76D}.Release|Any CPU.Deploy.0 = Release|Any CPU
		{8246AAFE-9F6F-4DEA-9571-AA852A61A76D}.Release|ARM.ActiveCfg = Release|ARM
		{8246AAFE-9F6F-4DEA-9571-AA852A61A76D}.Release|ARM.Build.0 = Release|ARM
		{8246AAFE-9F6F-4DEA-9571-AA852A61A76D}.Release|ARM.Deploy.0 = Release|ARM
		{8246AAFE-9F6F-4DEA-9571-AA852A61A76D}.Release|x64.ActiveCfg = Release|Any CPU
		{8246AAFE-9F6F-4DEA-9571-AA852A61A76D}.Release|x86.ActiveCfg = Release|x86
		{8246AAFE-9F6F-4DEA-9571-AA852A61A76D}.Release|x86.Build.0 = Release|x86
		{8246AAFE-9F6F-4DEA-9571-AA852A61A76D}.Release|x86.Deploy.0 = Release|x86
		{ACFAAC64-1759-4A84-9DA6-48822445E389}.Debug|Any CPU.ActiveCfg = Debug|Any CPU
		{ACFAAC64-1759-4A84-9DA6-48822445E389}.Debug|Any CPU.Build.0 = Debug|Any CPU
		{ACFAAC64-1759-4A84-9DA6-48822445E389}.Debug|Any CPU.Deploy.0 = Debug|Any CPU
		{ACFAAC64-1759-4A84-9DA6-48822445E389}.Debug|ARM.ActiveCfg = Debug|ARM
		{ACFAAC64-1759-4A84-9DA6-48822445E389}.Debug|ARM.Build.0 = Debug|ARM
		{ACFAAC64-1759-4A84-9DA6-48822445E389}.Debug|ARM.Deploy.0 = Debug|ARM
		{ACFAAC64-1759-4A84-9DA6-48822445E389}.Debug|x64.ActiveCfg = Debug|x64
		{ACFAAC64-1759-4A84-9DA6-48822445E389}.Debug|x64.Build.0 = Debug|x64
		{ACFAAC64-1759-4A84-9DA6-48822445E389}.Debug|x64.Deploy.0 = Debug|x64
		{ACFAAC64-1759-4A84-9DA6-48822445E389}.Debug|x86.ActiveCfg = Debug|x86
		{ACFAAC64-1759-4A84-9DA6-48822445E389}.Debug|x86.Build.0 = Debug|x86
		{ACFAAC64-1759-4A84-9DA6-48822445E389}.Debug|x86.Deploy.0 = Debug|x86
		{ACFAAC64-1759-4A84-9DA6-48822445E389}.Release|Any CPU.ActiveCfg = Release|Any CPU
		{ACFAAC64-1759-4A84-9DA6-48822445E389}.Release|Any CPU.Build.0 = Release|Any CPU
		{ACFAAC64-1759-4A84-9DA6-48822445E389}.Release|Any CPU.Deploy.0 = Release|Any CPU
		{ACFAAC64-1759-4A84-9DA6-48822445E389}.Release|ARM.ActiveCfg = Release|ARM
		{ACFAAC64-1759-4A84-9DA6-48822445E389}.Release|ARM.Build.0 = Release|ARM
		{ACFAAC64-1759-4A84-9DA6-48822445E389}.Release|ARM.Deploy.0 = Release|ARM
		{ACFAAC64-1759-4A84-9DA6-48822445E389}.Release|x64.ActiveCfg = Release|x64
		{ACFAAC64-1759-4A84-9DA6-48822445E389}.Release|x64.Build.0 = Release|x64
		{ACFAAC64-1759-4A84-9DA6-48822445E389}.Release|x64.Deploy.0 = Release|x64
		{ACFAAC64-1759-4A84-9DA6-48822445E389}.Release|x86.ActiveCfg = Release|x86
		{ACFAAC64-1759-4A84-9DA6-48822445E389}.Release|x86.Build.0 = Release|x86
		{ACFAAC64-1759-4A84-9DA6-48822445E389}.Release|x86.Deploy.0 = Release|x86
		{A7DF81AF-47AD-4B16-936D-4A7BF9CA4779}.Debug|Any CPU.ActiveCfg = Debug|Any CPU
		{A7DF81AF-47AD-4B16-936D-4A7BF9CA4779}.Debug|Any CPU.Build.0 = Debug|Any CPU
		{A7DF81AF-47AD-4B16-936D-4A7BF9CA4779}.Debug|Any CPU.Deploy.0 = Debug|Any CPU
		{A7DF81AF-47AD-4B16-936D-4A7BF9CA4779}.Debug|ARM.ActiveCfg = Debug|ARM
		{A7DF81AF-47AD-4B16-936D-4A7BF9CA4779}.Debug|ARM.Build.0 = Debug|ARM
		{A7DF81AF-47AD-4B16-936D-4A7BF9CA4779}.Debug|ARM.Deploy.0 = Debug|ARM
		{A7DF81AF-47AD-4B16-936D-4A7BF9CA4779}.Debug|x64.ActiveCfg = Debug|Any CPU
		{A7DF81AF-47AD-4B16-936D-4A7BF9CA4779}.Debug|x86.ActiveCfg = Debug|x86
		{A7DF81AF-47AD-4B16-936D-4A7BF9CA4779}.Debug|x86.Build.0 = Debug|x86
		{A7DF81AF-47AD-4B16-936D-4A7BF9CA4779}.Debug|x86.Deploy.0 = Debug|x86
		{A7DF81AF-47AD-4B16-936D-4A7BF9CA4779}.Release|Any CPU.ActiveCfg = Release|Any CPU
		{A7DF81AF-47AD-4B16-936D-4A7BF9CA4779}.Release|Any CPU.Build.0 = Release|Any CPU
		{A7DF81AF-47AD-4B16-936D-4A7BF9CA4779}.Release|Any CPU.Deploy.0 = Release|Any CPU
		{A7DF81AF-47AD-4B16-936D-4A7BF9CA4779}.Release|ARM.ActiveCfg = Release|ARM
		{A7DF81AF-47AD-4B16-936D-4A7BF9CA4779}.Release|ARM.Build.0 = Release|ARM
		{A7DF81AF-47AD-4B16-936D-4A7BF9CA4779}.Release|ARM.Deploy.0 = Release|ARM
		{A7DF81AF-47AD-4B16-936D-4A7BF9CA4779}.Release|x64.ActiveCfg = Release|Any CPU
		{A7DF81AF-47AD-4B16-936D-4A7BF9CA4779}.Release|x86.ActiveCfg = Release|x86
		{A7DF81AF-47AD-4B16-936D-4A7BF9CA4779}.Release|x86.Build.0 = Release|x86
		{A7DF81AF-47AD-4B16-936D-4A7BF9CA4779}.Release|x86.Deploy.0 = Release|x86
	EndGlobalSection
	GlobalSection(SolutionProperties) = preSolution
		HideSolutionNode = FALSE
	EndGlobalSection
	GlobalSection(NestedProjects) = preSolution
		{BEDF3238-2C94-453C-88BF-13C34A3BA859} = {B6B65AE2-F983-4C07-96D7-DBD6EB8044AA}
		{11726754-3F8E-472A-8DAA-A98526CF7152} = {B6B65AE2-F983-4C07-96D7-DBD6EB8044AA}
		{6B89C908-D28A-4C6A-B238-B55D9479BF91} = {B6B65AE2-F983-4C07-96D7-DBD6EB8044AA}
		{40C47AA9-07DF-4A5F-B923-2006447D7BAA} = {5292F1CB-FB51-400B-B1B3-76B8C4D10A83}
		{FA2D208F-4AEA-44D4-859E-D914006D657B} = {5292F1CB-FB51-400B-B1B3-76B8C4D10A83}
		{8246AAFE-9F6F-4DEA-9571-AA852A61A76D} = {5292F1CB-FB51-400B-B1B3-76B8C4D10A83}
		{963D1FD4-68BF-4769-9995-135AEE2470D7} = {0D7A56C0-6F40-401F-86D5-ECCE1B833CC1}
		{ACFAAC64-1759-4A84-9DA6-48822445E389} = {0D7A56C0-6F40-401F-86D5-ECCE1B833CC1}
		{A7DF81AF-47AD-4B16-936D-4A7BF9CA4779} = {0D7A56C0-6F40-401F-86D5-ECCE1B833CC1}
	EndGlobalSection
EndGlobal
