
Microsoft Visual Studio Solution File, Format Version 12.00
# Visual Studio 2013
VisualStudioVersion = 12.0.30723.0
MinimumVisualStudioVersion = 10.0.40219.1
Project("{FAE04EC0-301F-11D3-BF4B-00C04F79EFBC}") = "StudentSystemModels", "StudentSystemModels\StudentSystemModels.csproj", "{EF9E1E9F-13E3-4E95-99E1-F56D6DA6E58E}"
EndProject
Project("{FAE04EC0-301F-11D3-BF4B-00C04F79EFBC}") = "StudentSystemData", "StudentSystemData\StudentSystemData.csproj", "{F80FE629-B87E-4090-860C-E7DB8A76C146}"
EndProject
Project("{FAE04EC0-301F-11D3-BF4B-00C04F79EFBC}") = "StudentSystemConsoleClient", "StudentSystemConsoleClient\StudentSystemConsoleClient.csproj", "{AAFCD29E-41E2-476C-94DB-B4DFCDDADB13}"
EndProject
Global
	GlobalSection(SolutionConfigurationPlatforms) = preSolution
		Debug|Any CPU = Debug|Any CPU
		Release|Any CPU = Release|Any CPU
	EndGlobalSection
	GlobalSection(ProjectConfigurationPlatforms) = postSolution
		{EF9E1E9F-13E3-4E95-99E1-F56D6DA6E58E}.Debug|Any CPU.ActiveCfg = Debug|Any CPU
		{EF9E1E9F-13E3-4E95-99E1-F56D6DA6E58E}.Debug|Any CPU.Build.0 = Debug|Any CPU
		{EF9E1E9F-13E3-4E95-99E1-F56D6DA6E58E}.Release|Any CPU.ActiveCfg = Release|Any CPU
		{EF9E1E9F-13E3-4E95-99E1-F56D6DA6E58E}.Release|Any CPU.Build.0 = Release|Any CPU
		{F80FE629-B87E-4090-860C-E7DB8A76C146}.Debug|Any CPU.ActiveCfg = Debug|Any CPU
		{F80FE629-B87E-4090-860C-E7DB8A76C146}.Debug|Any CPU.Build.0 = Debug|Any CPU
		{F80FE629-B87E-4090-860C-E7DB8A76C146}.Release|Any CPU.ActiveCfg = Release|Any CPU
		{F80FE629-B87E-4090-860C-E7DB8A76C146}.Release|Any CPU.Build.0 = Release|Any CPU
		{AAFCD29E-41E2-476C-94DB-B4DFCDDADB13}.Debug|Any CPU.ActiveCfg = Debug|Any CPU
		{AAFCD29E-41E2-476C-94DB-B4DFCDDADB13}.Debug|Any CPU.Build.0 = Debug|Any CPU
		{AAFCD29E-41E2-476C-94DB-B4DFCDDADB13}.Release|Any CPU.ActiveCfg = Release|Any CPU
		{AAFCD29E-41E2-476C-94DB-B4DFCDDADB13}.Release|Any CPU.Build.0 = Release|Any CPU
	EndGlobalSection
	GlobalSection(SolutionProperties) = preSolution
		HideSolutionNode = FALSE
	EndGlobalSection
EndGlobal
