
Microsoft Visual Studio Solution File, Format Version 12.00
# Visual Studio 2013
VisualStudioVersion = 12.0.30723.0
MinimumVisualStudioVersion = 10.0.40219.1
Project("{FAE04EC0-301F-11D3-BF4B-00C04F79EFBC}") = "01.GetAllEmployees", "01.GetAllEmployees\01.GetAllEmployees.csproj", "{6BEEEF34-6757-472B-A94A-5273C65EE103}"
EndProject
Project("{FAE04EC0-301F-11D3-BF4B-00C04F79EFBC}") = "02.UsingToList", "02.UsingToList\02.UsingToList.csproj", "{39E4C0AA-98BC-4212-80F6-B413E34AA680}"
EndProject
Global
	GlobalSection(SolutionConfigurationPlatforms) = preSolution
		Debug|Any CPU = Debug|Any CPU
		Release|Any CPU = Release|Any CPU
	EndGlobalSection
	GlobalSection(ProjectConfigurationPlatforms) = postSolution
		{6BEEEF34-6757-472B-A94A-5273C65EE103}.Debug|Any CPU.ActiveCfg = Debug|Any CPU
		{6BEEEF34-6757-472B-A94A-5273C65EE103}.Debug|Any CPU.Build.0 = Debug|Any CPU
		{6BEEEF34-6757-472B-A94A-5273C65EE103}.Release|Any CPU.ActiveCfg = Release|Any CPU
		{6BEEEF34-6757-472B-A94A-5273C65EE103}.Release|Any CPU.Build.0 = Release|Any CPU
		{39E4C0AA-98BC-4212-80F6-B413E34AA680}.Debug|Any CPU.ActiveCfg = Debug|Any CPU
		{39E4C0AA-98BC-4212-80F6-B413E34AA680}.Debug|Any CPU.Build.0 = Debug|Any CPU
		{39E4C0AA-98BC-4212-80F6-B413E34AA680}.Release|Any CPU.ActiveCfg = Release|Any CPU
		{39E4C0AA-98BC-4212-80F6-B413E34AA680}.Release|Any CPU.Build.0 = Release|Any CPU
	EndGlobalSection
	GlobalSection(SolutionProperties) = preSolution
		HideSolutionNode = FALSE
	EndGlobalSection
EndGlobal
